
Microsoft Visual Studio Solution File, Format Version 12.00
# Visual Studio 2013
VisualStudioVersion = 12.0.21005.1
MinimumVisualStudioVersion = 10.0.40219.1
Project("{FAE04EC0-301F-11D3-BF4B-00C04F79EFBC}") = "CallbackService", "CallbackService\CallbackService.csproj", "{51136AB8-3660-4189-BDA4-C6D57D662939}"
EndProject
Project("{FAE04EC0-301F-11D3-BF4B-00C04F79EFBC}") = "Client", "Client\Client.csproj", "{10ED0F69-4640-4B1C-B4C8-B4802CD1A959}"
	ProjectSection(ProjectDependencies) = postProject
		{51136AB8-3660-4189-BDA4-C6D57D662939} = {51136AB8-3660-4189-BDA4-C6D57D662939}
	EndProjectSection
EndProject
Global
	GlobalSection(SolutionConfigurationPlatforms) = preSolution
		Debug|Any CPU = Debug|Any CPU
		Release|Any CPU = Release|Any CPU
	EndGlobalSection
	GlobalSection(ProjectConfigurationPlatforms) = postSolution
		{51136AB8-3660-4189-BDA4-C6D57D662939}.Debug|Any CPU.ActiveCfg = Debug|Any CPU
		{51136AB8-3660-4189-BDA4-C6D57D662939}.Debug|Any CPU.Build.0 = Debug|Any CPU
		{51136AB8-3660-4189-BDA4-C6D57D662939}.Release|Any CPU.ActiveCfg = Release|Any CPU
		{51136AB8-3660-4189-BDA4-C6D57D662939}.Release|Any CPU.Build.0 = Release|Any CPU
		{10ED0F69-4640-4B1C-B4C8-B4802CD1A959}.Debug|Any CPU.ActiveCfg = Debug|Any CPU
		{10ED0F69-4640-4B1C-B4C8-B4802CD1A959}.Debug|Any CPU.Build.0 = Debug|Any CPU
		{10ED0F69-4640-4B1C-B4C8-B4802CD1A959}.Release|Any CPU.ActiveCfg = Release|Any CPU
		{10ED0F69-4640-4B1C-B4C8-B4802CD1A959}.Release|Any CPU.Build.0 = Release|Any CPU
	EndGlobalSection
	GlobalSection(SolutionProperties) = preSolution
		HideSolutionNode = FALSE
	EndGlobalSection
EndGlobal
